// !$*UTF8*$!
{
	archiveVersion = 1;
	classes = {
	};
	objectVersion = 56;
	objects = {

/* Begin PBXBuildFile section */
		D30B08622C9C9DDC00CF9446 /* ProfileImageService.swift in Sources */ = {isa = PBXBuildFile; fileRef = D30B08612C9C9DCC00CF9446 /* ProfileImageService.swift */; };
		D30B08642C9C9E2C00CF9446 /* ProfileImageModel.swift in Sources */ = {isa = PBXBuildFile; fileRef = D30B08632C9C9E1C00CF9446 /* ProfileImageModel.swift */; };
		D312029C2C9021EC005680A2 /* OAuth2Service.swift in Sources */ = {isa = PBXBuildFile; fileRef = D312029B2C9021E4005680A2 /* OAuth2Service.swift */; };
		D31D15392C8790F600F18925 /* Constants.swift in Sources */ = {isa = PBXBuildFile; fileRef = D31D15382C8790EE00F18925 /* Constants.swift */; };
		D3211CAF2CB533CF0061AEE9 /* ProfileLogoutService.swift in Sources */ = {isa = PBXBuildFile; fileRef = D3211CAE2CB533BB0061AEE9 /* ProfileLogoutService.swift */; };
		D33A42F62C10BBAE0092268D /* ImagesListViewController.swift in Sources */ = {isa = PBXBuildFile; fileRef = D33A42F52C10BBAE0092268D /* ImagesListViewController.swift */; };
		D33A42F92C10D3FC0092268D /* ImagesListCell.swift in Sources */ = {isa = PBXBuildFile; fileRef = D33A42F82C10D3FC0092268D /* ImagesListCell.swift */; };
		D34A906B2C918AE5001F2C58 /* OAuthTokenResponseBody.swift in Sources */ = {isa = PBXBuildFile; fileRef = D34A906A2C918ACE001F2C58 /* OAuthTokenResponseBody.swift */; };
		D34A906D2C93783C001F2C58 /* URLSession+data.swift in Sources */ = {isa = PBXBuildFile; fileRef = D34A906C2C93782C001F2C58 /* URLSession+data.swift */; };
		D34A906F2C937AFD001F2C58 /* OAuthTokenStorage.swift in Sources */ = {isa = PBXBuildFile; fileRef = D34A906E2C937AE2001F2C58 /* OAuthTokenStorage.swift */; };
		D36603972CA2E073003D127B /* TabBarController.swift in Sources */ = {isa = PBXBuildFile; fileRef = D36603962CA2E06C003D127B /* TabBarController.swift */; };
		D367C70B2C09FCCF0043579F /* AppDelegate.swift in Sources */ = {isa = PBXBuildFile; fileRef = D367C70A2C09FCCF0043579F /* AppDelegate.swift */; };
		D367C70D2C09FCCF0043579F /* SceneDelegate.swift in Sources */ = {isa = PBXBuildFile; fileRef = D367C70C2C09FCCF0043579F /* SceneDelegate.swift */; };
		D367C7122C09FCCF0043579F /* Main.storyboard in Resources */ = {isa = PBXBuildFile; fileRef = D367C7102C09FCCF0043579F /* Main.storyboard */; };
		D367C7142C09FCD00043579F /* Assets.xcassets in Resources */ = {isa = PBXBuildFile; fileRef = D367C7132C09FCD00043579F /* Assets.xcassets */; };
		D367C7172C09FCD00043579F /* LaunchScreen.storyboard in Resources */ = {isa = PBXBuildFile; fileRef = D367C7152C09FCD00043579F /* LaunchScreen.storyboard */; };
		D373D9E12CA0B7F900D0B571 /* AlertPresenter.swift in Sources */ = {isa = PBXBuildFile; fileRef = D373D9E02CA0B7F300D0B571 /* AlertPresenter.swift */; };
		D373D9E32CA0B80100D0B571 /* AlertModel.swift in Sources */ = {isa = PBXBuildFile; fileRef = D373D9E22CA0B7FD00D0B571 /* AlertModel.swift */; };
		D373D9E52CA0B88300D0B571 /* AlertPresenterDelegate.swift in Sources */ = {isa = PBXBuildFile; fileRef = D373D9E42CA0B87200D0B571 /* AlertPresenterDelegate.swift */; };
		D38110AD2C288E67005D2695 /* SingleImageViewController.swift in Sources */ = {isa = PBXBuildFile; fileRef = D38110AC2C288E67005D2695 /* SingleImageViewController.swift */; };
		D3987E092C9B14FF00555240 /* UIBlockingProgressHUD.swift in Sources */ = {isa = PBXBuildFile; fileRef = D3987E082C9B14F700555240 /* UIBlockingProgressHUD.swift */; };
		D3987E0B2C9B182A00555240 /* ProfileService.swift in Sources */ = {isa = PBXBuildFile; fileRef = D3987E0A2C9B182200555240 /* ProfileService.swift */; };
		D3987E0D2C9B1E8400555240 /* ProfileModels.swift in Sources */ = {isa = PBXBuildFile; fileRef = D3987E0C2C9B1E7E00555240 /* ProfileModels.swift */; };
		D3A170252C9387D900B727F2 /* SplashScreenViewController.swift in Sources */ = {isa = PBXBuildFile; fileRef = D3A170242C9387CA00B727F2 /* SplashScreenViewController.swift */; };
		D3A1702B2C94DE2B00B727F2 /* SnakeCaseJSONDecoder.swift in Sources */ = {isa = PBXBuildFile; fileRef = D3A1702A2C94DE1D00B727F2 /* SnakeCaseJSONDecoder.swift */; };
		D3B501B22C8A2E2900882D75 /* WebViewViewController.swift in Sources */ = {isa = PBXBuildFile; fileRef = D3B501B12C8A2E1E00882D75 /* WebViewViewController.swift */; };
		D3BEF7852C88D5D2009038F0 /* AuthViewController.swift in Sources */ = {isa = PBXBuildFile; fileRef = D3BEF7842C88D5C7009038F0 /* AuthViewController.swift */; };
		D3C39B342C26E94D0062FCB2 /* ProfileViewController.swift in Sources */ = {isa = PBXBuildFile; fileRef = D3C39B332C26E94D0062FCB2 /* ProfileViewController.swift */; };
		D3DBED042CA1E7E9005560DE /* Kingfisher in Frameworks */ = {isa = PBXBuildFile; productRef = D3DBED032CA1E7E9005560DE /* Kingfisher */; };
		D3DBED072CA1FF23005560DE /* SwiftKeychainWrapper in Frameworks */ = {isa = PBXBuildFile; productRef = D3DBED062CA1FF23005560DE /* SwiftKeychainWrapper */; };
		D3E1CA732C95C7D500DB57FD /* ProgressHUD in Frameworks */ = {isa = PBXBuildFile; productRef = D3E1CA722C95C7D500DB57FD /* ProgressHUD */; };
		D3F84BB92CAC842E00C787CC /* ImageListService.swift in Sources */ = {isa = PBXBuildFile; fileRef = D3F84BB82CAC842300C787CC /* ImageListService.swift */; };
		D3F84BBC2CAC84FC00C787CC /* ImageListServiceModels.swift in Sources */ = {isa = PBXBuildFile; fileRef = D3F84BBB2CAC84F900C787CC /* ImageListServiceModels.swift */; };
/* End PBXBuildFile section */

/* Begin PBXContainerItemProxy section */
		D358EC202CAEBABA0057DF32 /* PBXContainerItemProxy */ = {
			isa = PBXContainerItemProxy;
			containerPortal = D367C6FF2C09FCCF0043579F /* Project object */;
			proxyType = 1;
			remoteGlobalIDString = D367C7062C09FCCF0043579F;
			remoteInfo = ImageFeed;
		};
/* End PBXContainerItemProxy section */

/* Begin PBXFileReference section */
		D30B08612C9C9DCC00CF9446 /* ProfileImageService.swift */ = {isa = PBXFileReference; lastKnownFileType = sourcecode.swift; path = ProfileImageService.swift; sourceTree = "<group>"; };
		D30B08632C9C9E1C00CF9446 /* ProfileImageModel.swift */ = {isa = PBXFileReference; lastKnownFileType = sourcecode.swift; path = ProfileImageModel.swift; sourceTree = "<group>"; };
		D312029B2C9021E4005680A2 /* OAuth2Service.swift */ = {isa = PBXFileReference; lastKnownFileType = sourcecode.swift; path = OAuth2Service.swift; sourceTree = "<group>"; };
		D31D15382C8790EE00F18925 /* Constants.swift */ = {isa = PBXFileReference; lastKnownFileType = sourcecode.swift; path = Constants.swift; sourceTree = "<group>"; };
		D3211CAE2CB533BB0061AEE9 /* ProfileLogoutService.swift */ = {isa = PBXFileReference; lastKnownFileType = sourcecode.swift; path = ProfileLogoutService.swift; sourceTree = "<group>"; };
		D33A42F52C10BBAE0092268D /* ImagesListViewController.swift */ = {isa = PBXFileReference; fileEncoding = 4; lastKnownFileType = sourcecode.swift; path = ImagesListViewController.swift; sourceTree = "<group>"; };
		D33A42F82C10D3FC0092268D /* ImagesListCell.swift */ = {isa = PBXFileReference; lastKnownFileType = sourcecode.swift; path = ImagesListCell.swift; sourceTree = "<group>"; };
		D33A42FD2C10E1260092268D /* YS Display-Bold.ttf */ = {isa = PBXFileReference; lastKnownFileType = file; path = "YS Display-Bold.ttf"; sourceTree = "<group>"; };
		D33A42FE2C10E1260092268D /* YS Display-Medium.ttf */ = {isa = PBXFileReference; lastKnownFileType = file; path = "YS Display-Medium.ttf"; sourceTree = "<group>"; };
		D34A906A2C918ACE001F2C58 /* OAuthTokenResponseBody.swift */ = {isa = PBXFileReference; lastKnownFileType = sourcecode.swift; path = OAuthTokenResponseBody.swift; sourceTree = "<group>"; };
		D34A906C2C93782C001F2C58 /* URLSession+data.swift */ = {isa = PBXFileReference; lastKnownFileType = sourcecode.swift; path = "URLSession+data.swift"; sourceTree = "<group>"; };
		D34A906E2C937AE2001F2C58 /* OAuthTokenStorage.swift */ = {isa = PBXFileReference; lastKnownFileType = sourcecode.swift; path = OAuthTokenStorage.swift; sourceTree = "<group>"; };
		D358EC1C2CAEBABA0057DF32 /* ImageFeedTests.xctest */ = {isa = PBXFileReference; explicitFileType = wrapper.cfbundle; includeInIndex = 0; path = ImageFeedTests.xctest; sourceTree = BUILT_PRODUCTS_DIR; };
		D36603962CA2E06C003D127B /* TabBarController.swift */ = {isa = PBXFileReference; lastKnownFileType = sourcecode.swift; path = TabBarController.swift; sourceTree = "<group>"; };
		D367C7072C09FCCF0043579F /* ImageFeed.app */ = {isa = PBXFileReference; explicitFileType = wrapper.application; includeInIndex = 0; path = ImageFeed.app; sourceTree = BUILT_PRODUCTS_DIR; };
		D367C70A2C09FCCF0043579F /* AppDelegate.swift */ = {isa = PBXFileReference; lastKnownFileType = sourcecode.swift; path = AppDelegate.swift; sourceTree = "<group>"; };
		D367C70C2C09FCCF0043579F /* SceneDelegate.swift */ = {isa = PBXFileReference; lastKnownFileType = sourcecode.swift; path = SceneDelegate.swift; sourceTree = "<group>"; };
		D367C7112C09FCCF0043579F /* Base */ = {isa = PBXFileReference; lastKnownFileType = file.storyboard; name = Base; path = Base.lproj/Main.storyboard; sourceTree = "<group>"; };
		D367C7132C09FCD00043579F /* Assets.xcassets */ = {isa = PBXFileReference; lastKnownFileType = folder.assetcatalog; path = Assets.xcassets; sourceTree = "<group>"; };
		D367C7162C09FCD00043579F /* Base */ = {isa = PBXFileReference; lastKnownFileType = file.storyboard; name = Base; path = Base.lproj/LaunchScreen.storyboard; sourceTree = "<group>"; };
		D367C7182C09FCD00043579F /* Info.plist */ = {isa = PBXFileReference; lastKnownFileType = text.plist.xml; path = Info.plist; sourceTree = "<group>"; };
		D373D9E02CA0B7F300D0B571 /* AlertPresenter.swift */ = {isa = PBXFileReference; lastKnownFileType = sourcecode.swift; path = AlertPresenter.swift; sourceTree = "<group>"; };
		D373D9E22CA0B7FD00D0B571 /* AlertModel.swift */ = {isa = PBXFileReference; lastKnownFileType = sourcecode.swift; path = AlertModel.swift; sourceTree = "<group>"; };
		D373D9E42CA0B87200D0B571 /* AlertPresenterDelegate.swift */ = {isa = PBXFileReference; lastKnownFileType = sourcecode.swift; path = AlertPresenterDelegate.swift; sourceTree = "<group>"; };
		D38110AC2C288E67005D2695 /* SingleImageViewController.swift */ = {isa = PBXFileReference; lastKnownFileType = sourcecode.swift; path = SingleImageViewController.swift; sourceTree = "<group>"; };
		D3987E082C9B14F700555240 /* UIBlockingProgressHUD.swift */ = {isa = PBXFileReference; lastKnownFileType = sourcecode.swift; path = UIBlockingProgressHUD.swift; sourceTree = "<group>"; };
		D3987E0A2C9B182200555240 /* ProfileService.swift */ = {isa = PBXFileReference; lastKnownFileType = sourcecode.swift; path = ProfileService.swift; sourceTree = "<group>"; };
		D3987E0C2C9B1E7E00555240 /* ProfileModels.swift */ = {isa = PBXFileReference; lastKnownFileType = sourcecode.swift; path = ProfileModels.swift; sourceTree = "<group>"; };
		D3A170242C9387CA00B727F2 /* SplashScreenViewController.swift */ = {isa = PBXFileReference; lastKnownFileType = sourcecode.swift; path = SplashScreenViewController.swift; sourceTree = "<group>"; };
		D3A1702A2C94DE1D00B727F2 /* SnakeCaseJSONDecoder.swift */ = {isa = PBXFileReference; lastKnownFileType = sourcecode.swift; path = SnakeCaseJSONDecoder.swift; sourceTree = "<group>"; };
		D3B501B12C8A2E1E00882D75 /* WebViewViewController.swift */ = {isa = PBXFileReference; lastKnownFileType = sourcecode.swift; path = WebViewViewController.swift; sourceTree = "<group>"; };
		D3BEF7842C88D5C7009038F0 /* AuthViewController.swift */ = {isa = PBXFileReference; lastKnownFileType = sourcecode.swift; path = AuthViewController.swift; sourceTree = "<group>"; };
		D3C39B332C26E94D0062FCB2 /* ProfileViewController.swift */ = {isa = PBXFileReference; lastKnownFileType = sourcecode.swift; path = ProfileViewController.swift; sourceTree = "<group>"; };
		D3F84BB82CAC842300C787CC /* ImageListService.swift */ = {isa = PBXFileReference; lastKnownFileType = sourcecode.swift; path = ImageListService.swift; sourceTree = "<group>"; };
		D3F84BBB2CAC84F900C787CC /* ImageListServiceModels.swift */ = {isa = PBXFileReference; lastKnownFileType = sourcecode.swift; path = ImageListServiceModels.swift; sourceTree = "<group>"; };
/* End PBXFileReference section */

/* Begin PBXFrameworksBuildPhase section */
		D358EC192CAEBABA0057DF32 /* Frameworks */ = {
			isa = PBXFrameworksBuildPhase;
			buildActionMask = 2147483647;
			files = (
			);
			runOnlyForDeploymentPostprocessing = 0;
		};
		D367C7042C09FCCF0043579F /* Frameworks */ = {
			isa = PBXFrameworksBuildPhase;
			buildActionMask = 2147483647;
			files = (
				D3DBED042CA1E7E9005560DE /* Kingfisher in Frameworks */,
				D3E1CA732C95C7D500DB57FD /* ProgressHUD in Frameworks */,
				D3DBED072CA1FF23005560DE /* SwiftKeychainWrapper in Frameworks */,
			);
			runOnlyForDeploymentPostprocessing = 0;
		};
/* End PBXFrameworksBuildPhase section */

/* Begin PBXGroup section */
		D312029A2C9021D4005680A2 /* OAuth */ = {
			isa = PBXGroup;
			children = (
				D34A906E2C937AE2001F2C58 /* OAuthTokenStorage.swift */,
				D34A906A2C918ACE001F2C58 /* OAuthTokenResponseBody.swift */,
				D312029B2C9021E4005680A2 /* OAuth2Service.swift */,
			);
			path = OAuth;
			sourceTree = "<group>";
		};
		D33A42F72C10D3D20092268D /* ImagesList */ = {
			isa = PBXGroup;
			children = (
				D33A42F52C10BBAE0092268D /* ImagesListViewController.swift */,
				D33A42F82C10D3FC0092268D /* ImagesListCell.swift */,
				D3F84BB82CAC842300C787CC /* ImageListService.swift */,
				D3F84BBB2CAC84F900C787CC /* ImageListServiceModels.swift */,
			);
			path = ImagesList;
			sourceTree = "<group>";
		};
		D33A42FA2C10DFBE0092268D /* Resources */ = {
			isa = PBXGroup;
			children = (
				D33A42FC2C10E04E0092268D /* Fonts */,
				D367C7152C09FCD00043579F /* LaunchScreen.storyboard */,
				D367C7132C09FCD00043579F /* Assets.xcassets */,
			);
			path = Resources;
			sourceTree = "<group>";
		};
		D33A42FB2C10E0380092268D /* Presentation */ = {
			isa = PBXGroup;
			children = (
				D367C7102C09FCCF0043579F /* Main.storyboard */,
			);
			path = Presentation;
			sourceTree = "<group>";
		};
		D33A42FC2C10E04E0092268D /* Fonts */ = {
			isa = PBXGroup;
			children = (
				D33A42FD2C10E1260092268D /* YS Display-Bold.ttf */,
				D33A42FE2C10E1260092268D /* YS Display-Medium.ttf */,
			);
			path = Fonts;
			sourceTree = "<group>";
		};
		D36603952CA2E05E003D127B /* TabBar */ = {
			isa = PBXGroup;
			children = (
				D36603962CA2E06C003D127B /* TabBarController.swift */,
			);
			path = TabBar;
			sourceTree = "<group>";
		};
		D367C6FE2C09FCCF0043579F = {
			isa = PBXGroup;
			children = (
				D367C7092C09FCCF0043579F /* ImageFeed */,
				D367C7082C09FCCF0043579F /* Products */,
			);
			sourceTree = "<group>";
		};
		D367C7082C09FCCF0043579F /* Products */ = {
			isa = PBXGroup;
			children = (
				D367C7072C09FCCF0043579F /* ImageFeed.app */,
				D358EC1C2CAEBABA0057DF32 /* ImageFeedTests.xctest */,
			);
			name = Products;
			sourceTree = "<group>";
		};
		D367C7092C09FCCF0043579F /* ImageFeed */ = {
			isa = PBXGroup;
			children = (
				D36603952CA2E05E003D127B /* TabBar */,
				D373D9DF2CA0B7E900D0B571 /* Alert */,
				D3A170292C9387FC00B727F2 /* Helpers */,
				D3A170212C9387A500B727F2 /* SplashScreen */,
				D312029A2C9021D4005680A2 /* OAuth */,
				D3BEF7832C88D5C0009038F0 /* Auth */,
				D38110AB2C288E44005D2695 /* SingleImage */,
				D3C39B322C26E92E0062FCB2 /* Profile */,
				D33A42FB2C10E0380092268D /* Presentation */,
				D33A42FA2C10DFBE0092268D /* Resources */,
				D33A42F72C10D3D20092268D /* ImagesList */,
				D367C70A2C09FCCF0043579F /* AppDelegate.swift */,
				D367C70C2C09FCCF0043579F /* SceneDelegate.swift */,
				D367C7182C09FCD00043579F /* Info.plist */,
			);
			path = ImageFeed;
			sourceTree = "<group>";
		};
		D373D9DF2CA0B7E900D0B571 /* Alert */ = {
			isa = PBXGroup;
			children = (
				D373D9E42CA0B87200D0B571 /* AlertPresenterDelegate.swift */,
				D373D9E22CA0B7FD00D0B571 /* AlertModel.swift */,
				D373D9E02CA0B7F300D0B571 /* AlertPresenter.swift */,
			);
			path = Alert;
			sourceTree = "<group>";
		};
		D38110AB2C288E44005D2695 /* SingleImage */ = {
			isa = PBXGroup;
			children = (
				D38110AC2C288E67005D2695 /* SingleImageViewController.swift */,
			);
			path = SingleImage;
			sourceTree = "<group>";
		};
		D3A170212C9387A500B727F2 /* SplashScreen */ = {
			isa = PBXGroup;
			children = (
				D3A170242C9387CA00B727F2 /* SplashScreenViewController.swift */,
			);
			path = SplashScreen;
			sourceTree = "<group>";
		};
		D3A170292C9387FC00B727F2 /* Helpers */ = {
			isa = PBXGroup;
			children = (
				D3987E082C9B14F700555240 /* UIBlockingProgressHUD.swift */,
				D3A1702A2C94DE1D00B727F2 /* SnakeCaseJSONDecoder.swift */,
				D34A906C2C93782C001F2C58 /* URLSession+data.swift */,
				D31D15382C8790EE00F18925 /* Constants.swift */,
			);
			path = Helpers;
			sourceTree = "<group>";
		};
		D3BEF7832C88D5C0009038F0 /* Auth */ = {
			isa = PBXGroup;
			children = (
				D3B501B12C8A2E1E00882D75 /* WebViewViewController.swift */,
				D3BEF7842C88D5C7009038F0 /* AuthViewController.swift */,
			);
			path = Auth;
			sourceTree = "<group>";
		};
		D3C39B322C26E92E0062FCB2 /* Profile */ = {
			isa = PBXGroup;
			children = (
				D3211CAE2CB533BB0061AEE9 /* ProfileLogoutService.swift */,
				D30B08632C9C9E1C00CF9446 /* ProfileImageModel.swift */,
				D30B08612C9C9DCC00CF9446 /* ProfileImageService.swift */,
				D3987E0C2C9B1E7E00555240 /* ProfileModels.swift */,
				D3987E0A2C9B182200555240 /* ProfileService.swift */,
				D3C39B332C26E94D0062FCB2 /* ProfileViewController.swift */,
			);
			path = Profile;
			sourceTree = "<group>";
		};
/* End PBXGroup section */

/* Begin PBXNativeTarget section */
		D358EC1B2CAEBABA0057DF32 /* ImageFeedTests */ = {
			isa = PBXNativeTarget;
			buildConfigurationList = D358EC242CAEBABA0057DF32 /* Build configuration list for PBXNativeTarget "ImageFeedTests" */;
			buildPhases = (
				D358EC182CAEBABA0057DF32 /* Sources */,
				D358EC192CAEBABA0057DF32 /* Frameworks */,
				D358EC1A2CAEBABA0057DF32 /* Resources */,
			);
			buildRules = (
			);
			dependencies = (
				D358EC212CAEBABA0057DF32 /* PBXTargetDependency */,
			);
			name = ImageFeedTests;
			packageProductDependencies = (
			);
			productName = ImageFeedTests;
			productReference = D358EC1C2CAEBABA0057DF32 /* ImageFeedTests.xctest */;
			productType = "com.apple.product-type.bundle.unit-test";
		};
		D367C7062C09FCCF0043579F /* ImageFeed */ = {
			isa = PBXNativeTarget;
			buildConfigurationList = D367C71B2C09FCD00043579F /* Build configuration list for PBXNativeTarget "ImageFeed" */;
			buildPhases = (
				D367C7032C09FCCF0043579F /* Sources */,
				D367C7042C09FCCF0043579F /* Frameworks */,
				D367C7052C09FCCF0043579F /* Resources */,
			);
			buildRules = (
			);
			dependencies = (
			);
			name = ImageFeed;
			productName = ImageFeed;
			productReference = D367C7072C09FCCF0043579F /* ImageFeed.app */;
			productType = "com.apple.product-type.application";
		};
/* End PBXNativeTarget section */

/* Begin PBXProject section */
		D367C6FF2C09FCCF0043579F /* Project object */ = {
			isa = PBXProject;
			attributes = {
				BuildIndependentTargetsInParallel = 1;
				LastSwiftUpdateCheck = 1600;
				LastUpgradeCheck = 1510;
				TargetAttributes = {
					D358EC1B2CAEBABA0057DF32 = {
						CreatedOnToolsVersion = 16.0;
						TestTargetID = D367C7062C09FCCF0043579F;
					};
					D367C7062C09FCCF0043579F = {
						CreatedOnToolsVersion = 15.1;
					};
				};
			};
			buildConfigurationList = D367C7022C09FCCF0043579F /* Build configuration list for PBXProject "ImageFeed" */;
			compatibilityVersion = "Xcode 14.0";
			developmentRegion = en;
			hasScannedForEncodings = 0;
			knownRegions = (
				en,
				Base,
			);
			mainGroup = D367C6FE2C09FCCF0043579F;
			packageReferences = (
				D3E1CA712C95C7D500DB57FD /* XCRemoteSwiftPackageReference "ProgressHUD" */,
				D3DBED022CA1E7E9005560DE /* XCRemoteSwiftPackageReference "Kingfisher" */,
				D3DBED052CA1FF23005560DE /* XCRemoteSwiftPackageReference "SwiftKeychainWrapper" */,
			);
			productRefGroup = D367C7082C09FCCF0043579F /* Products */;
			projectDirPath = "";
			projectRoot = "";
			targets = (
				D367C7062C09FCCF0043579F /* ImageFeed */,
				D358EC1B2CAEBABA0057DF32 /* ImageFeedTests */,
			);
		};
/* End PBXProject section */

/* Begin PBXResourcesBuildPhase section */
		D358EC1A2CAEBABA0057DF32 /* Resources */ = {
			isa = PBXResourcesBuildPhase;
			buildActionMask = 2147483647;
			files = (
			);
			runOnlyForDeploymentPostprocessing = 0;
		};
		D367C7052C09FCCF0043579F /* Resources */ = {
			isa = PBXResourcesBuildPhase;
			buildActionMask = 2147483647;
			files = (
				D367C7172C09FCD00043579F /* LaunchScreen.storyboard in Resources */,
				D367C7142C09FCD00043579F /* Assets.xcassets in Resources */,
				D367C7122C09FCCF0043579F /* Main.storyboard in Resources */,
			);
			runOnlyForDeploymentPostprocessing = 0;
		};
/* End PBXResourcesBuildPhase section */

/* Begin PBXSourcesBuildPhase section */
		D358EC182CAEBABA0057DF32 /* Sources */ = {
			isa = PBXSourcesBuildPhase;
			buildActionMask = 2147483647;
			files = (
			);
			runOnlyForDeploymentPostprocessing = 0;
		};
		D367C7032C09FCCF0043579F /* Sources */ = {
			isa = PBXSourcesBuildPhase;
			buildActionMask = 2147483647;
			files = (
				D3A1702B2C94DE2B00B727F2 /* SnakeCaseJSONDecoder.swift in Sources */,
				D367C70B2C09FCCF0043579F /* AppDelegate.swift in Sources */,
				D3211CAF2CB533CF0061AEE9 /* ProfileLogoutService.swift in Sources */,
				D34A906D2C93783C001F2C58 /* URLSession+data.swift in Sources */,
				D3987E092C9B14FF00555240 /* UIBlockingProgressHUD.swift in Sources */,
				D34A906B2C918AE5001F2C58 /* OAuthTokenResponseBody.swift in Sources */,
				D33A42F92C10D3FC0092268D /* ImagesListCell.swift in Sources */,
				D3F84BBC2CAC84FC00C787CC /* ImageListServiceModels.swift in Sources */,
				D3C39B342C26E94D0062FCB2 /* ProfileViewController.swift in Sources */,
				D3987E0B2C9B182A00555240 /* ProfileService.swift in Sources */,
				D373D9E12CA0B7F900D0B571 /* AlertPresenter.swift in Sources */,
				D36603972CA2E073003D127B /* TabBarController.swift in Sources */,
				D3F84BB92CAC842E00C787CC /* ImageListService.swift in Sources */,
				D312029C2C9021EC005680A2 /* OAuth2Service.swift in Sources */,
				D34A906F2C937AFD001F2C58 /* OAuthTokenStorage.swift in Sources */,
				D33A42F62C10BBAE0092268D /* ImagesListViewController.swift in Sources */,
				D30B08622C9C9DDC00CF9446 /* ProfileImageService.swift in Sources */,
				D3A170252C9387D900B727F2 /* SplashScreenViewController.swift in Sources */,
				D3BEF7852C88D5D2009038F0 /* AuthViewController.swift in Sources */,
				D31D15392C8790F600F18925 /* Constants.swift in Sources */,
				D38110AD2C288E67005D2695 /* SingleImageViewController.swift in Sources */,
				D3987E0D2C9B1E8400555240 /* ProfileModels.swift in Sources */,
				D3B501B22C8A2E2900882D75 /* WebViewViewController.swift in Sources */,
				D367C70D2C09FCCF0043579F /* SceneDelegate.swift in Sources */,
				D373D9E32CA0B80100D0B571 /* AlertModel.swift in Sources */,
				D30B08642C9C9E2C00CF9446 /* ProfileImageModel.swift in Sources */,
				D373D9E52CA0B88300D0B571 /* AlertPresenterDelegate.swift in Sources */,
			);
			runOnlyForDeploymentPostprocessing = 0;
		};
/* End PBXSourcesBuildPhase section */

/* Begin PBXTargetDependency section */
		D358EC212CAEBABA0057DF32 /* PBXTargetDependency */ = {
			isa = PBXTargetDependency;
			target = D367C7062C09FCCF0043579F /* ImageFeed */;
			targetProxy = D358EC202CAEBABA0057DF32 /* PBXContainerItemProxy */;
		};
/* End PBXTargetDependency section */

/* Begin PBXVariantGroup section */
		D367C7102C09FCCF0043579F /* Main.storyboard */ = {
			isa = PBXVariantGroup;
			children = (
				D367C7112C09FCCF0043579F /* Base */,
			);
			name = Main.storyboard;
			sourceTree = "<group>";
		};
		D367C7152C09FCD00043579F /* LaunchScreen.storyboard */ = {
			isa = PBXVariantGroup;
			children = (
				D367C7162C09FCD00043579F /* Base */,
			);
			name = LaunchScreen.storyboard;
			sourceTree = "<group>";
		};
/* End PBXVariantGroup section */

/* Begin XCBuildConfiguration section */
		D358EC222CAEBABA0057DF32 /* Debug */ = {
			isa = XCBuildConfiguration;
			buildSettings = {
				BUNDLE_LOADER = "$(TEST_HOST)";
				CODE_SIGN_STYLE = Automatic;
				CURRENT_PROJECT_VERSION = 1;
				DEVELOPMENT_TEAM = 8HV589XKFV;
				GENERATE_INFOPLIST_FILE = YES;
				IPHONEOS_DEPLOYMENT_TARGET = 18.0;
				MARKETING_VERSION = 1.0;
				PRODUCT_BUNDLE_IDENTIFIER = ilyanikitash.ImageFeedTests;
				PRODUCT_NAME = "$(TARGET_NAME)";
				SWIFT_EMIT_LOC_STRINGS = NO;
				SWIFT_VERSION = 5.0;
				TARGETED_DEVICE_FAMILY = "1,2";
				TEST_HOST = "$(BUILT_PRODUCTS_DIR)/ImageFeed.app/$(BUNDLE_EXECUTABLE_FOLDER_PATH)/ImageFeed";
			};
			name = Debug;
		};
		D358EC232CAEBABA0057DF32 /* Release */ = {
			isa = XCBuildConfiguration;
			buildSettings = {
				BUNDLE_LOADER = "$(TEST_HOST)";
				CODE_SIGN_STYLE = Automatic;
				CURRENT_PROJECT_VERSION = 1;
				DEVELOPMENT_TEAM = 8HV589XKFV;
				GENERATE_INFOPLIST_FILE = YES;
				IPHONEOS_DEPLOYMENT_TARGET = 18.0;
				MARKETING_VERSION = 1.0;
				PRODUCT_BUNDLE_IDENTIFIER = ilyanikitash.ImageFeedTests;
				PRODUCT_NAME = "$(TARGET_NAME)";
				SWIFT_EMIT_LOC_STRINGS = NO;
				SWIFT_VERSION = 5.0;
				TARGETED_DEVICE_FAMILY = "1,2";
				TEST_HOST = "$(BUILT_PRODUCTS_DIR)/ImageFeed.app/$(BUNDLE_EXECUTABLE_FOLDER_PATH)/ImageFeed";
			};
			name = Release;
		};
		D367C7192C09FCD00043579F /* Debug */ = {
			isa = XCBuildConfiguration;
			buildSettings = {
				ALWAYS_SEARCH_USER_PATHS = NO;
				ASSETCATALOG_COMPILER_GENERATE_SWIFT_ASSET_SYMBOL_EXTENSIONS = YES;
				CLANG_ANALYZER_NONNULL = YES;
				CLANG_ANALYZER_NUMBER_OBJECT_CONVERSION = YES_AGGRESSIVE;
				CLANG_CXX_LANGUAGE_STANDARD = "gnu++20";
				CLANG_ENABLE_MODULES = YES;
				CLANG_ENABLE_OBJC_ARC = YES;
				CLANG_ENABLE_OBJC_WEAK = YES;
				CLANG_WARN_BLOCK_CAPTURE_AUTORELEASING = YES;
				CLANG_WARN_BOOL_CONVERSION = YES;
				CLANG_WARN_COMMA = YES;
				CLANG_WARN_CONSTANT_CONVERSION = YES;
				CLANG_WARN_DEPRECATED_OBJC_IMPLEMENTATIONS = YES;
				CLANG_WARN_DIRECT_OBJC_ISA_USAGE = YES_ERROR;
				CLANG_WARN_DOCUMENTATION_COMMENTS = YES;
				CLANG_WARN_EMPTY_BODY = YES;
				CLANG_WARN_ENUM_CONVERSION = YES;
				CLANG_WARN_INFINITE_RECURSION = YES;
				CLANG_WARN_INT_CONVERSION = YES;
				CLANG_WARN_NON_LITERAL_NULL_CONVERSION = YES;
				CLANG_WARN_OBJC_IMPLICIT_RETAIN_SELF = YES;
				CLANG_WARN_OBJC_LITERAL_CONVERSION = YES;
				CLANG_WARN_OBJC_ROOT_CLASS = YES_ERROR;
				CLANG_WARN_QUOTED_INCLUDE_IN_FRAMEWORK_HEADER = YES;
				CLANG_WARN_RANGE_LOOP_ANALYSIS = YES;
				CLANG_WARN_STRICT_PROTOTYPES = YES;
				CLANG_WARN_SUSPICIOUS_MOVE = YES;
				CLANG_WARN_UNGUARDED_AVAILABILITY = YES_AGGRESSIVE;
				CLANG_WARN_UNREACHABLE_CODE = YES;
				CLANG_WARN__DUPLICATE_METHOD_MATCH = YES;
				COPY_PHASE_STRIP = NO;
				DEBUG_INFORMATION_FORMAT = dwarf;
				ENABLE_STRICT_OBJC_MSGSEND = YES;
				ENABLE_TESTABILITY = YES;
				ENABLE_USER_SCRIPT_SANDBOXING = YES;
				GCC_C_LANGUAGE_STANDARD = gnu17;
				GCC_DYNAMIC_NO_PIC = NO;
				GCC_NO_COMMON_BLOCKS = YES;
				GCC_OPTIMIZATION_LEVEL = 0;
				GCC_PREPROCESSOR_DEFINITIONS = (
					"DEBUG=1",
					"$(inherited)",
				);
				GCC_WARN_64_TO_32_BIT_CONVERSION = YES;
				GCC_WARN_ABOUT_RETURN_TYPE = YES_ERROR;
				GCC_WARN_UNDECLARED_SELECTOR = YES;
				GCC_WARN_UNINITIALIZED_AUTOS = YES_AGGRESSIVE;
				GCC_WARN_UNUSED_FUNCTION = YES;
				GCC_WARN_UNUSED_VARIABLE = YES;
				IPHONEOS_DEPLOYMENT_TARGET = 13.0;
				LOCALIZATION_PREFERS_STRING_CATALOGS = YES;
				MTL_ENABLE_DEBUG_INFO = INCLUDE_SOURCE;
				MTL_FAST_MATH = YES;
				ONLY_ACTIVE_ARCH = YES;
				SDKROOT = iphoneos;
				SWIFT_ACTIVE_COMPILATION_CONDITIONS = "DEBUG $(inherited)";
				SWIFT_OPTIMIZATION_LEVEL = "-Onone";
			};
			name = Debug;
		};
		D367C71A2C09FCD00043579F /* Release */ = {
			isa = XCBuildConfiguration;
			buildSettings = {
				ALWAYS_SEARCH_USER_PATHS = NO;
				ASSETCATALOG_COMPILER_GENERATE_SWIFT_ASSET_SYMBOL_EXTENSIONS = YES;
				CLANG_ANALYZER_NONNULL = YES;
				CLANG_ANALYZER_NUMBER_OBJECT_CONVERSION = YES_AGGRESSIVE;
				CLANG_CXX_LANGUAGE_STANDARD = "gnu++20";
				CLANG_ENABLE_MODULES = YES;
				CLANG_ENABLE_OBJC_ARC = YES;
				CLANG_ENABLE_OBJC_WEAK = YES;
				CLANG_WARN_BLOCK_CAPTURE_AUTORELEASING = YES;
				CLANG_WARN_BOOL_CONVERSION = YES;
				CLANG_WARN_COMMA = YES;
				CLANG_WARN_CONSTANT_CONVERSION = YES;
				CLANG_WARN_DEPRECATED_OBJC_IMPLEMENTATIONS = YES;
				CLANG_WARN_DIRECT_OBJC_ISA_USAGE = YES_ERROR;
				CLANG_WARN_DOCUMENTATION_COMMENTS = YES;
				CLANG_WARN_EMPTY_BODY = YES;
				CLANG_WARN_ENUM_CONVERSION = YES;
				CLANG_WARN_INFINITE_RECURSION = YES;
				CLANG_WARN_INT_CONVERSION = YES;
				CLANG_WARN_NON_LITERAL_NULL_CONVERSION = YES;
				CLANG_WARN_OBJC_IMPLICIT_RETAIN_SELF = YES;
				CLANG_WARN_OBJC_LITERAL_CONVERSION = YES;
				CLANG_WARN_OBJC_ROOT_CLASS = YES_ERROR;
				CLANG_WARN_QUOTED_INCLUDE_IN_FRAMEWORK_HEADER = YES;
				CLANG_WARN_RANGE_LOOP_ANALYSIS = YES;
				CLANG_WARN_STRICT_PROTOTYPES = YES;
				CLANG_WARN_SUSPICIOUS_MOVE = YES;
				CLANG_WARN_UNGUARDED_AVAILABILITY = YES_AGGRESSIVE;
				CLANG_WARN_UNREACHABLE_CODE = YES;
				CLANG_WARN__DUPLICATE_METHOD_MATCH = YES;
				COPY_PHASE_STRIP = NO;
				DEBUG_INFORMATION_FORMAT = "dwarf-with-dsym";
				ENABLE_NS_ASSERTIONS = NO;
				ENABLE_STRICT_OBJC_MSGSEND = YES;
				ENABLE_USER_SCRIPT_SANDBOXING = YES;
				GCC_C_LANGUAGE_STANDARD = gnu17;
				GCC_NO_COMMON_BLOCKS = YES;
				GCC_WARN_64_TO_32_BIT_CONVERSION = YES;
				GCC_WARN_ABOUT_RETURN_TYPE = YES_ERROR;
				GCC_WARN_UNDECLARED_SELECTOR = YES;
				GCC_WARN_UNINITIALIZED_AUTOS = YES_AGGRESSIVE;
				GCC_WARN_UNUSED_FUNCTION = YES;
				GCC_WARN_UNUSED_VARIABLE = YES;
				IPHONEOS_DEPLOYMENT_TARGET = 13.0;
				LOCALIZATION_PREFERS_STRING_CATALOGS = YES;
				MTL_ENABLE_DEBUG_INFO = NO;
				MTL_FAST_MATH = YES;
				SDKROOT = iphoneos;
				SWIFT_COMPILATION_MODE = wholemodule;
				VALIDATE_PRODUCT = YES;
			};
			name = Release;
		};
		D367C71C2C09FCD00043579F /* Debug */ = {
			isa = XCBuildConfiguration;
			buildSettings = {
				ASSETCATALOG_COMPILER_APPICON_NAME = AppIcon;
				ASSETCATALOG_COMPILER_GLOBAL_ACCENT_COLOR_NAME = AccentColor;
				CODE_SIGN_STYLE = Automatic;
				CURRENT_PROJECT_VERSION = 1;
				DEVELOPMENT_TEAM = 8HV589XKFV;
				GENERATE_INFOPLIST_FILE = YES;
				INFOPLIST_FILE = ImageFeed/Info.plist;
				INFOPLIST_KEY_UIApplicationSupportsIndirectInputEvents = YES;
				INFOPLIST_KEY_UILaunchStoryboardName = LaunchScreen;
				INFOPLIST_KEY_UIMainStoryboardFile = Main;
				INFOPLIST_KEY_UISupportedInterfaceOrientations = UIInterfaceOrientationPortrait;
				INFOPLIST_KEY_UISupportedInterfaceOrientations_iPad = "UIInterfaceOrientationLandscapeLeft UIInterfaceOrientationLandscapeRight UIInterfaceOrientationPortrait";
				IPHONEOS_DEPLOYMENT_TARGET = 13.0;
				LD_RUNPATH_SEARCH_PATHS = (
					"$(inherited)",
					"@executable_path/Frameworks",
				);
				MARKETING_VERSION = 1.0;
				PRODUCT_BUNDLE_IDENTIFIER = ilyanikitash.ImageFeed;
				PRODUCT_NAME = "$(TARGET_NAME)";
				SUPPORTED_PLATFORMS = "iphoneos iphonesimulator";
				SUPPORTS_MACCATALYST = NO;
				SWIFT_EMIT_LOC_STRINGS = YES;
				SWIFT_VERSION = 5.0;
				TARGETED_DEVICE_FAMILY = 1;
			};
			name = Debug;
		};
		D367C71D2C09FCD00043579F /* Release */ = {
			isa = XCBuildConfiguration;
			buildSettings = {
				ASSETCATALOG_COMPILER_APPICON_NAME = AppIcon;
				ASSETCATALOG_COMPILER_GLOBAL_ACCENT_COLOR_NAME = AccentColor;
				CODE_SIGN_STYLE = Automatic;
				CURRENT_PROJECT_VERSION = 1;
				DEVELOPMENT_TEAM = 8HV589XKFV;
				GENERATE_INFOPLIST_FILE = YES;
				INFOPLIST_FILE = ImageFeed/Info.plist;
				INFOPLIST_KEY_UIApplicationSupportsIndirectInputEvents = YES;
				INFOPLIST_KEY_UILaunchStoryboardName = LaunchScreen;
				INFOPLIST_KEY_UIMainStoryboardFile = Main;
				INFOPLIST_KEY_UISupportedInterfaceOrientations = UIInterfaceOrientationPortrait;
				INFOPLIST_KEY_UISupportedInterfaceOrientations_iPad = "UIInterfaceOrientationLandscapeLeft UIInterfaceOrientationLandscapeRight UIInterfaceOrientationPortrait";
				IPHONEOS_DEPLOYMENT_TARGET = 13.0;
				LD_RUNPATH_SEARCH_PATHS = (
					"$(inherited)",
					"@executable_path/Frameworks",
				);
				MARKETING_VERSION = 1.0;
				PRODUCT_BUNDLE_IDENTIFIER = ilyanikitash.ImageFeed;
				PRODUCT_NAME = "$(TARGET_NAME)";
				SUPPORTED_PLATFORMS = "iphoneos iphonesimulator";
				SUPPORTS_MACCATALYST = NO;
				SWIFT_EMIT_LOC_STRINGS = YES;
				SWIFT_VERSION = 5.0;
				TARGETED_DEVICE_FAMILY = 1;
			};
			name = Release;
		};
/* End XCBuildConfiguration section */

/* Begin XCConfigurationList section */
		D358EC242CAEBABA0057DF32 /* Build configuration list for PBXNativeTarget "ImageFeedTests" */ = {
			isa = XCConfigurationList;
			buildConfigurations = (
				D358EC222CAEBABA0057DF32 /* Debug */,
				D358EC232CAEBABA0057DF32 /* Release */,
			);
			defaultConfigurationIsVisible = 0;
			defaultConfigurationName = Release;
		};
		D367C7022C09FCCF0043579F /* Build configuration list for PBXProject "ImageFeed" */ = {
			isa = XCConfigurationList;
			buildConfigurations = (
				D367C7192C09FCD00043579F /* Debug */,
				D367C71A2C09FCD00043579F /* Release */,
			);
			defaultConfigurationIsVisible = 0;
			defaultConfigurationName = Release;
		};
		D367C71B2C09FCD00043579F /* Build configuration list for PBXNativeTarget "ImageFeed" */ = {
			isa = XCConfigurationList;
			buildConfigurations = (
				D367C71C2C09FCD00043579F /* Debug */,
				D367C71D2C09FCD00043579F /* Release */,
			);
			defaultConfigurationIsVisible = 0;
			defaultConfigurationName = Release;
		};
/* End XCConfigurationList section */

/* Begin XCRemoteSwiftPackageReference section */
		D3DBED022CA1E7E9005560DE /* XCRemoteSwiftPackageReference "Kingfisher" */ = {
			isa = XCRemoteSwiftPackageReference;
			repositoryURL = "https://github.com/onevcat/Kingfisher";
			requirement = {
				kind = upToNextMajorVersion;
				minimumVersion = 8.0.3;
			};
		};
		D3DBED052CA1FF23005560DE /* XCRemoteSwiftPackageReference "SwiftKeychainWrapper" */ = {
			isa = XCRemoteSwiftPackageReference;
			repositoryURL = "https://github.com/jrendel/SwiftKeychainWrapper";
			requirement = {
				kind = upToNextMajorVersion;
				minimumVersion = 4.0.1;
			};
		};
		D3E1CA712C95C7D500DB57FD /* XCRemoteSwiftPackageReference "ProgressHUD" */ = {
			isa = XCRemoteSwiftPackageReference;
			repositoryURL = "https://github.com/relatedcode/ProgressHUD";
			requirement = {
				kind = exactVersion;
				version = 14.1.3;
			};
		};
/* End XCRemoteSwiftPackageReference section */

/* Begin XCSwiftPackageProductDependency section */
		D3DBED032CA1E7E9005560DE /* Kingfisher */ = {
			isa = XCSwiftPackageProductDependency;
			package = D3DBED022CA1E7E9005560DE /* XCRemoteSwiftPackageReference "Kingfisher" */;
			productName = Kingfisher;
		};
		D3DBED062CA1FF23005560DE /* SwiftKeychainWrapper */ = {
			isa = XCSwiftPackageProductDependency;
			package = D3DBED052CA1FF23005560DE /* XCRemoteSwiftPackageReference "SwiftKeychainWrapper" */;
			productName = SwiftKeychainWrapper;
		};
		D3E1CA722C95C7D500DB57FD /* ProgressHUD */ = {
			isa = XCSwiftPackageProductDependency;
			package = D3E1CA712C95C7D500DB57FD /* XCRemoteSwiftPackageReference "ProgressHUD" */;
			productName = ProgressHUD;
		};
/* End XCSwiftPackageProductDependency section */
	};
	rootObject = D367C6FF2C09FCCF0043579F /* Project object */;
}
